
Microsoft Visual Studio Solution File, Format Version 12.00
# Visual Studio Version 17
VisualStudioVersion = 17.11.35219.272
MinimumVisualStudioVersion = 10.0.40219.1
Project("{9A19103F-16F7-4668-BE54-9A1E7A4F7556}") = "EXO.WebServer", "EXO.WebServer\EXO.WebServer.csproj", "{3021E64E-416C-40B9-9475-4C283D72FC93}"
EndProject
Project("{FAE04EC0-301F-11D3-BF4B-00C04F79EFBC}") = "ServerTestApp", "ServerTestApp\ServerTestApp.csproj", "{BEA0E3C0-5845-4BD5-BE14-AC45E06390F1}"
EndProject
Project("{FAE04EC0-301F-11D3-BF4B-00C04F79EFBC}") = "EXO.WebServerClient", "EXO.WebServerClient\EXO.WebServerClient.csproj", "{97D2B778-84B1-40A1-B60B-7BD4FF998ED3}"
EndProject
Global
	GlobalSection(SolutionConfigurationPlatforms) = preSolution
		Debug|Any CPU = Debug|Any CPU
		Release|Any CPU = Release|Any CPU
	EndGlobalSection
	GlobalSection(ProjectConfigurationPlatforms) = postSolution
		{3021E64E-416C-40B9-9475-4C283D72FC93}.Debug|Any CPU.ActiveCfg = Debug|Any CPU
		{3021E64E-416C-40B9-9475-4C283D72FC93}.Debug|Any CPU.Build.0 = Debug|Any CPU
		{3021E64E-416C-40B9-9475-4C283D72FC93}.Release|Any CPU.ActiveCfg = Release|Any CPU
		{3021E64E-416C-40B9-9475-4C283D72FC93}.Release|Any CPU.Build.0 = Release|Any CPU
		{BEA0E3C0-5845-4BD5-BE14-AC45E06390F1}.Debug|Any CPU.ActiveCfg = Debug|Any CPU
		{BEA0E3C0-5845-4BD5-BE14-AC45E06390F1}.Debug|Any CPU.Build.0 = Debug|Any CPU
		{BEA0E3C0-5845-4BD5-BE14-AC45E06390F1}.Release|Any CPU.ActiveCfg = Release|Any CPU
		{BEA0E3C0-5845-4BD5-BE14-AC45E06390F1}.Release|Any CPU.Build.0 = Release|Any CPU
		{97D2B778-84B1-40A1-B60B-7BD4FF998ED3}.Debug|Any CPU.ActiveCfg = Debug|Any CPU
		{97D2B778-84B1-40A1-B60B-7BD4FF998ED3}.Debug|Any CPU.Build.0 = Debug|Any CPU
		{97D2B778-84B1-40A1-B60B-7BD4FF998ED3}.Release|Any CPU.ActiveCfg = Release|Any CPU
		{97D2B778-84B1-40A1-B60B-7BD4FF998ED3}.Release|Any CPU.Build.0 = Release|Any CPU
	EndGlobalSection
	GlobalSection(SolutionProperties) = preSolution
		HideSolutionNode = FALSE
	EndGlobalSection
	GlobalSection(ExtensibilityGlobals) = postSolution
		SolutionGuid = {875F9991-756F-42F1-AA29-5981B9B95167}
	EndGlobalSection
EndGlobal
